PODS:
  - app_di_swift (0.0.1):
    - ios_kotlin_pod
    - lib_basic_swift
    - solution_ab_api_swift
    - solution_bonus_api_swift
    - solution_bonus_impl_swift
  - ios_kotlin_pod (1.0)
  - lib_basic_swift (0.0.1):
    - ios_kotlin_pod
  - solution_ab_api_swift (0.0.1):
    - ios_kotlin_pod
    - lib_basic_swift
  - solution_bonus_api_swift (0.0.1):
    - ios_kotlin_pod
    - lib_basic_swift
  - solution_bonus_impl_swift (0.0.1):
    - ios_kotlin_pod
    - lib_basic_swift
    - solution_bonus_api_swift

DEPENDENCIES:
  - app_di_swift (from `app-di/src/iOSMain/swift`)
  - ios_kotlin_pod (from `ios-kotlin-pod`)
  - lib_basic_swift (from `lib-basic/src/iOSMain/swift`)
  - solution_ab_api_swift (from `solution-ab-api/src/iOSMain/swift`)
  - solution_bonus_api_swift (from `solution-bonus-api/src/iOSMain/swift`)
  - solution_bonus_impl_swift (from `solution-bonus-impl/src/iOSMain/swift`)

EXTERNAL SOURCES:
  app_di_swift:
    :path: app-di/src/iOSMain/swift
  ios_kotlin_pod:
    :path: ios-kotlin-pod
  lib_basic_swift:
    :path: lib-basic/src/iOSMain/swift
  solution_ab_api_swift:
    :path: solution-ab-api/src/iOSMain/swift
  solution_bonus_api_swift:
    :path: solution-bonus-api/src/iOSMain/swift
  solution_bonus_impl_swift:
    :path: solution-bonus-impl/src/iOSMain/swift

SPEC CHECKSUMS:
  app_di_swift: ac84822d2f3ab425246b4da8d73fdac3fadd17f9
  ios_kotlin_pod: 73b3b882aa2766416b7711e8dbfc54b4b2d3dcd9
  lib_basic_swift: 8ed50701b93fb992d87e2bd0419b84a13299ad9a
  solution_ab_api_swift: 16b50516202dbebcee7e6d939928027a444eff2a
  solution_bonus_api_swift: 792d2852ec42bb19e6cb97342ff0d8f4f3ac1403
  solution_bonus_impl_swift: 63d0296a5e67072f1a79814ada47604a718788af

PODFILE CHECKSUM: 3315aff2b8d67c71610ded8b99d8980c9e454603

COCOAPODS: 1.9.3
