PODS:
  - ios_kotlin_pod (1.0)
  - lib_basic_swift (0.0.1):
    - ios_kotlin_pod
  - sample_di_swift (0.0.1):
    - ios_kotlin_pod
    - lib_basic_swift
    - solution_ab_api_swift
    - solution_bonus_api_swift
    - solution_bonus_impl_swift
  - solution_ab_api_swift (0.0.1):
    - ios_kotlin_pod
    - lib_basic_swift
  - solution_bonus_api_swift (0.0.1):
    - ios_kotlin_pod
    - lib_basic_swift
  - solution_bonus_impl_swift (0.0.1):
    - ios_kotlin_pod
    - lib_basic_swift
    - solution_bonus_api_swift

DEPENDENCIES:
  - ios_kotlin_pod (from `ios-kotlin-pod`)
  - lib_basic_swift (from `lib-basic/src/iOSMain/swift`)
  - sample_di_swift (from `sample-di/src/iOSMain/swift`)
  - solution_ab_api_swift (from `solution-ab-api/src/iOSMain/swift`)
  - solution_bonus_api_swift (from `solution-bonus-api/src/iOSMain/swift`)
  - solution_bonus_impl_swift (from `solution-bonus-impl/src/iOSMain/swift`)

EXTERNAL SOURCES:
  ios_kotlin_pod:
    :path: ios-kotlin-pod
  lib_basic_swift:
    :path: lib-basic/src/iOSMain/swift
  sample_di_swift:
    :path: sample-di/src/iOSMain/swift
  solution_ab_api_swift:
    :path: solution-ab-api/src/iOSMain/swift
  solution_bonus_api_swift:
    :path: solution-bonus-api/src/iOSMain/swift
  solution_bonus_impl_swift:
    :path: solution-bonus-impl/src/iOSMain/swift

SPEC CHECKSUMS:
  ios_kotlin_pod: aa6eed08dd3d2f75eaa2eb90c1068a0362c438aa
  lib_basic_swift: 8ed50701b93fb992d87e2bd0419b84a13299ad9a
  sample_di_swift: 787e7143fdd5713cbc66cdfdaabfed72312fd49c
  solution_ab_api_swift: 16b50516202dbebcee7e6d939928027a444eff2a
  solution_bonus_api_swift: 792d2852ec42bb19e6cb97342ff0d8f4f3ac1403
  solution_bonus_impl_swift: 63d0296a5e67072f1a79814ada47604a718788af

PODFILE CHECKSUM: 26d52ff3afd612055983b2d9f11c61c56c5036d5

COCOAPODS: 1.9.3
